// !$*UTF8*$!
{
	archiveVersion = 1;
	classes = {
	};
	objectVersion = 56;
	objects = {

/* Begin PBXBuildFile section */
		2A48679328D746BA0011FE44 /* ViewExtension.swift in Sources */ = {isa = PBXBuildFile; fileRef = 2A48679228D746BA0011FE44 /* ViewExtension.swift */; };
		2A49A1172927DFBA00897379 /* PostechMenuView.swift in Sources */ = {isa = PBXBuildFile; fileRef = 2A49A1162927DFBA00897379 /* PostechMenuView.swift */; };
		2A49A11A2927E02000897379 /* RestaurantSegmentedPickerView.swift in Sources */ = {isa = PBXBuildFile; fileRef = 2A49A1192927E02000897379 /* RestaurantSegmentedPickerView.swift */; };
		2A49A11C2927E03800897379 /* MenuWeeklyCalendarView.swift in Sources */ = {isa = PBXBuildFile; fileRef = 2A49A11B2927E03800897379 /* MenuWeeklyCalendarView.swift */; };
		2A49A11E2927E05300897379 /* PostechMenuTitleView.swift in Sources */ = {isa = PBXBuildFile; fileRef = 2A49A11D2927E05300897379 /* PostechMenuTitleView.swift */; };
		2A49A1212927E0A900897379 /* JigokMenuView.swift in Sources */ = {isa = PBXBuildFile; fileRef = 2A49A1202927E0A900897379 /* JigokMenuView.swift */; };
		2A49A1232927E0B300897379 /* WisdomMenuView.swift in Sources */ = {isa = PBXBuildFile; fileRef = 2A49A1222927E0B300897379 /* WisdomMenuView.swift */; };
		2A49A1252927E0CB00897379 /* BluehillMenuView.swift in Sources */ = {isa = PBXBuildFile; fileRef = 2A49A1242927E0CB00897379 /* BluehillMenuView.swift */; };
		2A49A1272927EBE200897379 /* DateExtension.swift in Sources */ = {isa = PBXBuildFile; fileRef = 2A49A1262927EBE200897379 /* DateExtension.swift */; };
		2A49A129292D2AA500897379 /* MenuTimeSlotView.swift in Sources */ = {isa = PBXBuildFile; fileRef = 2A49A128292D2AA500897379 /* MenuTimeSlotView.swift */; };
		2A71017B28EAD8E1001049B1 /* ArrayExtension.swift in Sources */ = {isa = PBXBuildFile; fileRef = 2A71017A28EAD8E1001049B1 /* ArrayExtension.swift */; };
		2A71017D28F158AF001049B1 /* WriteButtonView.swift in Sources */ = {isa = PBXBuildFile; fileRef = 2A71017C28F158AF001049B1 /* WriteButtonView.swift */; };
		2A71017F28F16552001049B1 /* PostsListSearchBarView.swift in Sources */ = {isa = PBXBuildFile; fileRef = 2A71017E28F16552001049B1 /* PostsListSearchBarView.swift */; };
		2ABA33D028D967FC00A16804 /* RecentSearchHistoryListView.swift in Sources */ = {isa = PBXBuildFile; fileRef = 2ABA33CF28D967FC00A16804 /* RecentSearchHistoryListView.swift */; };
		2ABDC53C28D96D8900A3D1E6 /* SearchBackButtonView.swift in Sources */ = {isa = PBXBuildFile; fileRef = 2ABDC53B28D96D8900A3D1E6 /* SearchBackButtonView.swift */; };
		2ABDC53E28D96E9400A3D1E6 /* SearchView.swift in Sources */ = {isa = PBXBuildFile; fileRef = 2ABDC53D28D96E9400A3D1E6 /* SearchView.swift */; };
		2ABDC54028D9A19F00A3D1E6 /* SearchViewTitle.swift in Sources */ = {isa = PBXBuildFile; fileRef = 2ABDC53F28D9A19F00A3D1E6 /* SearchViewTitle.swift */; };
		2AC77E8628D873710038514F /* RefreshableScrollView.swift in Sources */ = {isa = PBXBuildFile; fileRef = 2AC77E8528D873710038514F /* RefreshableScrollView.swift */; };
		2AC77E8D28D943FF0038514F /* SearchBarView.swift in Sources */ = {isa = PBXBuildFile; fileRef = 2AC77E8C28D943FF0038514F /* SearchBarView.swift */; };
		2ACDB26228DA8BEB0016E117 /* SearchStateHolder.swift in Sources */ = {isa = PBXBuildFile; fileRef = 2ACDB26128DA8BEB0016E117 /* SearchStateHolder.swift */; };
		AB009F5128D6FCE400A43D63 /* Preview Assets.xcassets in Resources */ = {isa = PBXBuildFile; fileRef = AB009F5028D6FCE400A43D63 /* Preview Assets.xcassets */; };
		AB009F6728D7929900A43D63 /* PostsListView.swift in Sources */ = {isa = PBXBuildFile; fileRef = AB009F5F28D7929900A43D63 /* PostsListView.swift */; };
		AB009F6928D7929900A43D63 /* PostCell.swift in Sources */ = {isa = PBXBuildFile; fileRef = AB009F6228D7929900A43D63 /* PostCell.swift */; };
		AB009F6A28D7929900A43D63 /* PostsListTitleView.swift in Sources */ = {isa = PBXBuildFile; fileRef = AB009F6328D7929900A43D63 /* PostsListTitleView.swift */; };
		AB009F6B28D7929900A43D63 /* BackButtonView.swift in Sources */ = {isa = PBXBuildFile; fileRef = AB009F6428D7929900A43D63 /* BackButtonView.swift */; };
		AB009FA228D8C5B500A43D63 /* MeetUpNetworkService.swift in Sources */ = {isa = PBXBuildFile; fileRef = AB009FA028D8C5B500A43D63 /* MeetUpNetworkService.swift */; };
		AB009FA328D8C5B500A43D63 /* MeetUpNetwork.swift in Sources */ = {isa = PBXBuildFile; fileRef = AB009FA128D8C5B500A43D63 /* MeetUpNetwork.swift */; };
		AB009FA528D8C5CE00A43D63 /* MainView.swift in Sources */ = {isa = PBXBuildFile; fileRef = AB009FA428D8C5CE00A43D63 /* MainView.swift */; };
		AB009FAD28D8C5E000A43D63 /* PostDetailStateHolder.swift in Sources */ = {isa = PBXBuildFile; fileRef = AB009FA628D8C5E000A43D63 /* PostDetailStateHolder.swift */; };
		AB009FAE28D8C5E000A43D63 /* PostDetailBackButton.swift in Sources */ = {isa = PBXBuildFile; fileRef = AB009FA828D8C5E000A43D63 /* PostDetailBackButton.swift */; };
		AB009FAF28D8C5E000A43D63 /* PostDetailInfoArea.swift in Sources */ = {isa = PBXBuildFile; fileRef = AB009FA928D8C5E000A43D63 /* PostDetailInfoArea.swift */; };
		AB009FB028D8C5E000A43D63 /* PostDetailBodyArea.swift in Sources */ = {isa = PBXBuildFile; fileRef = AB009FAA28D8C5E000A43D63 /* PostDetailBodyArea.swift */; };
		AB009FB128D8C5E000A43D63 /* PostDetailTitleArea.swift in Sources */ = {isa = PBXBuildFile; fileRef = AB009FAB28D8C5E000A43D63 /* PostDetailTitleArea.swift */; };
		AB009FB228D8C5E000A43D63 /* PostDetailView.swift in Sources */ = {isa = PBXBuildFile; fileRef = AB009FAC28D8C5E000A43D63 /* PostDetailView.swift */; };
		AB009FB428D8C61A00A43D63 /* DeviceInfo.swift in Sources */ = {isa = PBXBuildFile; fileRef = AB009FB328D8C61A00A43D63 /* DeviceInfo.swift */; };
		AB009FB728D8C64300A43D63 /* Post.swift in Sources */ = {isa = PBXBuildFile; fileRef = AB009FB628D8C64300A43D63 /* Post.swift */; };
		ABD4874228D6F99500FFD3A1 /* Module_MeetUPApp.swift in Sources */ = {isa = PBXBuildFile; fileRef = ABD4874128D6F99500FFD3A1 /* Module_MeetUPApp.swift */; };
		ABD4874628D6F99600FFD3A1 /* Assets.xcassets in Resources */ = {isa = PBXBuildFile; fileRef = ABD4874528D6F99600FFD3A1 /* Assets.xcassets */; };
		ABD4875B28D6FAD300FFD3A1 /* JsonDecodertemp.swift in Sources */ = {isa = PBXBuildFile; fileRef = ABD4875A28D6FAD300FFD3A1 /* JsonDecodertemp.swift */; };
/* End PBXBuildFile section */

/* Begin PBXFileReference section */
		2A48679228D746BA0011FE44 /* ViewExtension.swift */ = {isa = PBXFileReference; lastKnownFileType = sourcecode.swift; path = ViewExtension.swift; sourceTree = "<group>"; };
		2A49A1162927DFBA00897379 /* PostechMenuView.swift */ = {isa = PBXFileReference; lastKnownFileType = sourcecode.swift; path = PostechMenuView.swift; sourceTree = "<group>"; };
		2A49A1192927E02000897379 /* RestaurantSegmentedPickerView.swift */ = {isa = PBXFileReference; lastKnownFileType = sourcecode.swift; path = RestaurantSegmentedPickerView.swift; sourceTree = "<group>"; };
		2A49A11B2927E03800897379 /* MenuWeeklyCalendarView.swift */ = {isa = PBXFileReference; lastKnownFileType = sourcecode.swift; path = MenuWeeklyCalendarView.swift; sourceTree = "<group>"; };
		2A49A11D2927E05300897379 /* PostechMenuTitleView.swift */ = {isa = PBXFileReference; lastKnownFileType = sourcecode.swift; path = PostechMenuTitleView.swift; sourceTree = "<group>"; };
		2A49A1202927E0A900897379 /* JigokMenuView.swift */ = {isa = PBXFileReference; lastKnownFileType = sourcecode.swift; path = JigokMenuView.swift; sourceTree = "<group>"; };
		2A49A1222927E0B300897379 /* WisdomMenuView.swift */ = {isa = PBXFileReference; lastKnownFileType = sourcecode.swift; path = WisdomMenuView.swift; sourceTree = "<group>"; };
		2A49A1242927E0CB00897379 /* BluehillMenuView.swift */ = {isa = PBXFileReference; lastKnownFileType = sourcecode.swift; path = BluehillMenuView.swift; sourceTree = "<group>"; };
		2A49A1262927EBE200897379 /* DateExtension.swift */ = {isa = PBXFileReference; lastKnownFileType = sourcecode.swift; path = DateExtension.swift; sourceTree = "<group>"; };
		2A49A128292D2AA500897379 /* MenuTimeSlotView.swift */ = {isa = PBXFileReference; lastKnownFileType = sourcecode.swift; path = MenuTimeSlotView.swift; sourceTree = "<group>"; };
		2A71017A28EAD8E1001049B1 /* ArrayExtension.swift */ = {isa = PBXFileReference; lastKnownFileType = sourcecode.swift; path = ArrayExtension.swift; sourceTree = "<group>"; };
		2A71017C28F158AF001049B1 /* WriteButtonView.swift */ = {isa = PBXFileReference; lastKnownFileType = sourcecode.swift; path = WriteButtonView.swift; sourceTree = "<group>"; };
		2A71017E28F16552001049B1 /* PostsListSearchBarView.swift */ = {isa = PBXFileReference; lastKnownFileType = sourcecode.swift; path = PostsListSearchBarView.swift; sourceTree = "<group>"; };
		2ABA33CF28D967FC00A16804 /* RecentSearchHistoryListView.swift */ = {isa = PBXFileReference; lastKnownFileType = sourcecode.swift; path = RecentSearchHistoryListView.swift; sourceTree = "<group>"; };
		2ABDC53B28D96D8900A3D1E6 /* SearchBackButtonView.swift */ = {isa = PBXFileReference; lastKnownFileType = sourcecode.swift; path = SearchBackButtonView.swift; sourceTree = "<group>"; };
		2ABDC53D28D96E9400A3D1E6 /* SearchView.swift */ = {isa = PBXFileReference; lastKnownFileType = sourcecode.swift; path = SearchView.swift; sourceTree = "<group>"; };
		2ABDC53F28D9A19F00A3D1E6 /* SearchViewTitle.swift */ = {isa = PBXFileReference; lastKnownFileType = sourcecode.swift; path = SearchViewTitle.swift; sourceTree = "<group>"; };
		2AC77E8528D873710038514F /* RefreshableScrollView.swift */ = {isa = PBXFileReference; lastKnownFileType = sourcecode.swift; path = RefreshableScrollView.swift; sourceTree = "<group>"; };
		2AC77E8C28D943FF0038514F /* SearchBarView.swift */ = {isa = PBXFileReference; lastKnownFileType = sourcecode.swift; path = SearchBarView.swift; sourceTree = "<group>"; };
		2ACDB26128DA8BEB0016E117 /* SearchStateHolder.swift */ = {isa = PBXFileReference; lastKnownFileType = sourcecode.swift; path = SearchStateHolder.swift; sourceTree = "<group>"; };
		AB009F5028D6FCE400A43D63 /* Preview Assets.xcassets */ = {isa = PBXFileReference; lastKnownFileType = folder.assetcatalog; path = "Preview Assets.xcassets"; sourceTree = "<group>"; };
		AB009F5F28D7929900A43D63 /* PostsListView.swift */ = {isa = PBXFileReference; fileEncoding = 4; lastKnownFileType = sourcecode.swift; path = PostsListView.swift; sourceTree = "<group>"; };
		AB009F6228D7929900A43D63 /* PostCell.swift */ = {isa = PBXFileReference; fileEncoding = 4; lastKnownFileType = sourcecode.swift; path = PostCell.swift; sourceTree = "<group>"; };
		AB009F6328D7929900A43D63 /* PostsListTitleView.swift */ = {isa = PBXFileReference; fileEncoding = 4; lastKnownFileType = sourcecode.swift; path = PostsListTitleView.swift; sourceTree = "<group>"; };
		AB009F6428D7929900A43D63 /* BackButtonView.swift */ = {isa = PBXFileReference; fileEncoding = 4; lastKnownFileType = sourcecode.swift; path = BackButtonView.swift; sourceTree = "<group>"; };
		AB009FA028D8C5B500A43D63 /* MeetUpNetworkService.swift */ = {isa = PBXFileReference; fileEncoding = 4; lastKnownFileType = sourcecode.swift; path = MeetUpNetworkService.swift; sourceTree = "<group>"; };
		AB009FA128D8C5B500A43D63 /* MeetUpNetwork.swift */ = {isa = PBXFileReference; fileEncoding = 4; lastKnownFileType = sourcecode.swift; path = MeetUpNetwork.swift; sourceTree = "<group>"; };
		AB009FA428D8C5CE00A43D63 /* MainView.swift */ = {isa = PBXFileReference; fileEncoding = 4; lastKnownFileType = sourcecode.swift; path = MainView.swift; sourceTree = "<group>"; };
		AB009FA628D8C5E000A43D63 /* PostDetailStateHolder.swift */ = {isa = PBXFileReference; fileEncoding = 4; lastKnownFileType = sourcecode.swift; path = PostDetailStateHolder.swift; sourceTree = "<group>"; };
		AB009FA828D8C5E000A43D63 /* PostDetailBackButton.swift */ = {isa = PBXFileReference; fileEncoding = 4; lastKnownFileType = sourcecode.swift; path = PostDetailBackButton.swift; sourceTree = "<group>"; };
		AB009FA928D8C5E000A43D63 /* PostDetailInfoArea.swift */ = {isa = PBXFileReference; fileEncoding = 4; lastKnownFileType = sourcecode.swift; path = PostDetailInfoArea.swift; sourceTree = "<group>"; };
		AB009FAA28D8C5E000A43D63 /* PostDetailBodyArea.swift */ = {isa = PBXFileReference; fileEncoding = 4; lastKnownFileType = sourcecode.swift; path = PostDetailBodyArea.swift; sourceTree = "<group>"; };
		AB009FAB28D8C5E000A43D63 /* PostDetailTitleArea.swift */ = {isa = PBXFileReference; fileEncoding = 4; lastKnownFileType = sourcecode.swift; path = PostDetailTitleArea.swift; sourceTree = "<group>"; };
		AB009FAC28D8C5E000A43D63 /* PostDetailView.swift */ = {isa = PBXFileReference; fileEncoding = 4; lastKnownFileType = sourcecode.swift; path = PostDetailView.swift; sourceTree = "<group>"; };
		AB009FB328D8C61A00A43D63 /* DeviceInfo.swift */ = {isa = PBXFileReference; fileEncoding = 4; lastKnownFileType = sourcecode.swift; path = DeviceInfo.swift; sourceTree = "<group>"; };
		AB009FB628D8C64300A43D63 /* Post.swift */ = {isa = PBXFileReference; fileEncoding = 4; lastKnownFileType = sourcecode.swift; path = Post.swift; sourceTree = "<group>"; };
		ABD4873E28D6F99500FFD3A1 /* Module-MeetUP.app */ = {isa = PBXFileReference; explicitFileType = wrapper.application; includeInIndex = 0; path = "Module-MeetUP.app"; sourceTree = BUILT_PRODUCTS_DIR; };
		ABD4874128D6F99500FFD3A1 /* Module_MeetUPApp.swift */ = {isa = PBXFileReference; lastKnownFileType = sourcecode.swift; path = Module_MeetUPApp.swift; sourceTree = "<group>"; };
		ABD4874528D6F99600FFD3A1 /* Assets.xcassets */ = {isa = PBXFileReference; lastKnownFileType = folder.assetcatalog; path = Assets.xcassets; sourceTree = "<group>"; };
		ABD4875A28D6FAD300FFD3A1 /* JsonDecodertemp.swift */ = {isa = PBXFileReference; lastKnownFileType = sourcecode.swift; path = JsonDecodertemp.swift; sourceTree = "<group>"; };
/* End PBXFileReference section */

/* Begin PBXFrameworksBuildPhase section */
		ABD4873B28D6F99500FFD3A1 /* Frameworks */ = {
			isa = PBXFrameworksBuildPhase;
			buildActionMask = 2147483647;
			files = (
			);
			runOnlyForDeploymentPostprocessing = 0;
		};
/* End PBXFrameworksBuildPhase section */

/* Begin PBXGroup section */
		2A48679128D746A30011FE44 /* Extension */ = {
			isa = PBXGroup;
			children = (
				2A48679228D746BA0011FE44 /* ViewExtension.swift */,
				2A71017A28EAD8E1001049B1 /* ArrayExtension.swift */,
				2A49A1262927EBE200897379 /* DateExtension.swift */,
			);
			path = Extension;
			sourceTree = "<group>";
		};
		2A49A1152927DFA400897379 /* PostechMenuView */ = {
			isa = PBXGroup;
			children = (
				2A49A1182927DFBE00897379 /* ViewComponents */,
				2A49A1162927DFBA00897379 /* PostechMenuView.swift */,
			);
			path = PostechMenuView;
			sourceTree = "<group>";
		};
		2A49A1182927DFBE00897379 /* ViewComponents */ = {
			isa = PBXGroup;
			children = (
				2A49A11F2927E05700897379 /* RestaurantsViewComponents */,
				2A49A1192927E02000897379 /* RestaurantSegmentedPickerView.swift */,
				2A49A11B2927E03800897379 /* MenuWeeklyCalendarView.swift */,
				2A49A11D2927E05300897379 /* PostechMenuTitleView.swift */,
			);
			path = ViewComponents;
			sourceTree = "<group>";
		};
		2A49A11F2927E05700897379 /* RestaurantsViewComponents */ = {
			isa = PBXGroup;
			children = (
				2A49A1202927E0A900897379 /* JigokMenuView.swift */,
				2A49A1222927E0B300897379 /* WisdomMenuView.swift */,
				2A49A1242927E0CB00897379 /* BluehillMenuView.swift */,
				2A49A128292D2AA500897379 /* MenuTimeSlotView.swift */,
			);
			path = RestaurantsViewComponents;
			sourceTree = "<group>";
		};
		2AC77E8A28D943B70038514F /* Search */ = {
			isa = PBXGroup;
			children = (
				2ABDC53D28D96E9400A3D1E6 /* SearchView.swift */,
				2ACDB26128DA8BEB0016E117 /* SearchStateHolder.swift */,
				2AC77E8B28D943DB0038514F /* SearchViewComponents */,
			);
			path = Search;
			sourceTree = "<group>";
		};
		2AC77E8B28D943DB0038514F /* SearchViewComponents */ = {
			isa = PBXGroup;
			children = (
				2AC77E8C28D943FF0038514F /* SearchBarView.swift */,
				2ABA33CF28D967FC00A16804 /* RecentSearchHistoryListView.swift */,
				2ABDC53B28D96D8900A3D1E6 /* SearchBackButtonView.swift */,
				2ABDC53F28D9A19F00A3D1E6 /* SearchViewTitle.swift */,
			);
			path = SearchViewComponents;
			sourceTree = "<group>";
		};
		AB009F4F28D6FCE400A43D63 /* Preview Content */ = {
			isa = PBXGroup;
			children = (
				AB009F5028D6FCE400A43D63 /* Preview Assets.xcassets */,
			);
			path = "Preview Content";
			sourceTree = "<group>";
		};
		AB009F6028D7929900A43D63 /* PostsListViewComponents */ = {
			isa = PBXGroup;
			children = (
				AB009F6228D7929900A43D63 /* PostCell.swift */,
				AB009F6328D7929900A43D63 /* PostsListTitleView.swift */,
				AB009F6428D7929900A43D63 /* BackButtonView.swift */,
				2AC77E8528D873710038514F /* RefreshableScrollView.swift */,
				2A71017C28F158AF001049B1 /* WriteButtonView.swift */,
				2A71017E28F16552001049B1 /* PostsListSearchBarView.swift */,
			);
			path = PostsListViewComponents;
			sourceTree = "<group>";
		};
		AB009FA728D8C5E000A43D63 /* ViewComponents */ = {
			isa = PBXGroup;
			children = (
				AB009FA828D8C5E000A43D63 /* PostDetailBackButton.swift */,
				AB009FA928D8C5E000A43D63 /* PostDetailInfoArea.swift */,
				AB009FAA28D8C5E000A43D63 /* PostDetailBodyArea.swift */,
				AB009FAB28D8C5E000A43D63 /* PostDetailTitleArea.swift */,
			);
			path = ViewComponents;
			sourceTree = "<group>";
		};
		AB009FB528D8C64300A43D63 /* Entity */ = {
			isa = PBXGroup;
			children = (
				AB009FB628D8C64300A43D63 /* Post.swift */,
			);
			path = Entity;
			sourceTree = "<group>";
		};
		ABD4873528D6F99500FFD3A1 = {
			isa = PBXGroup;
			children = (
				ABD4874028D6F99500FFD3A1 /* Module-MeetUP */,
				ABD4873F28D6F99500FFD3A1 /* Products */,
			);
			sourceTree = "<group>";
		};
		ABD4873F28D6F99500FFD3A1 /* Products */ = {
			isa = PBXGroup;
			children = (
				ABD4873E28D6F99500FFD3A1 /* Module-MeetUP.app */,
			);
			name = Products;
			sourceTree = "<group>";
		};
		ABD4874028D6F99500FFD3A1 /* Module-MeetUP */ = {
			isa = PBXGroup;
			children = (
				ABD4875C28D6FAF300FFD3A1 /* App */,
				ABD4875D28D6FB1100FFD3A1 /* Global */,
				ABD4875928D6FABE00FFD3A1 /* JsonDecoder */,
				ABD4875628D6FA6700FFD3A1 /* NetworkModule */,
				AB009FB528D8C64300A43D63 /* Entity */,
				ABD4875528D6FA4400FFD3A1 /* Screens */,
				ABD4876028D6FB3F00FFD3A1 /* Resources */,
				AB009F4F28D6FCE400A43D63 /* Preview Content */,
			);
			path = "Module-MeetUP";
			sourceTree = "<group>";
		};
		ABD4874F28D6F9B400FFD3A1 /* PostsListView */ = {
			isa = PBXGroup;
			children = (
				AB009F5F28D7929900A43D63 /* PostsListView.swift */,
				AB009F6028D7929900A43D63 /* PostsListViewComponents */,
			);
			path = PostsListView;
			sourceTree = "<group>";
		};
		ABD4875228D6FA0600FFD3A1 /* PostDetailView */ = {
			isa = PBXGroup;
			children = (
				AB009FA628D8C5E000A43D63 /* PostDetailStateHolder.swift */,
				AB009FAC28D8C5E000A43D63 /* PostDetailView.swift */,
				AB009FA728D8C5E000A43D63 /* ViewComponents */,
			);
			path = PostDetailView;
			sourceTree = "<group>";
		};
		ABD4875528D6FA4400FFD3A1 /* Screens */ = {
			isa = PBXGroup;
			children = (
				2A49A1152927DFA400897379 /* PostechMenuView */,
				AB009FA428D8C5CE00A43D63 /* MainView.swift */,
				ABD4874F28D6F9B400FFD3A1 /* PostsListView */,
				ABD4875228D6FA0600FFD3A1 /* PostDetailView */,
				2AC77E8A28D943B70038514F /* Search */,
			);
			path = Screens;
			sourceTree = "<group>";
		};
		ABD4875628D6FA6700FFD3A1 /* NetworkModule */ = {
			isa = PBXGroup;
			children = (
				AB009FA128D8C5B500A43D63 /* MeetUpNetwork.swift */,
				AB009FA028D8C5B500A43D63 /* MeetUpNetworkService.swift */,
			);
			path = NetworkModule;
			sourceTree = "<group>";
		};
		ABD4875928D6FABE00FFD3A1 /* JsonDecoder */ = {
			isa = PBXGroup;
			children = (
				ABD4875A28D6FAD300FFD3A1 /* JsonDecodertemp.swift */,
			);
			path = JsonDecoder;
			sourceTree = "<group>";
		};
		ABD4875C28D6FAF300FFD3A1 /* App */ = {
			isa = PBXGroup;
			children = (
				ABD4874128D6F99500FFD3A1 /* Module_MeetUPApp.swift */,
			);
			path = App;
			sourceTree = "<group>";
		};
		ABD4875D28D6FB1100FFD3A1 /* Global */ = {
			isa = PBXGroup;
			children = (
				2A48679128D746A30011FE44 /* Extension */,
				AB009FB328D8C61A00A43D63 /* DeviceInfo.swift */,
			);
			path = Global;
			sourceTree = "<group>";
		};
		ABD4876028D6FB3F00FFD3A1 /* Resources */ = {
			isa = PBXGroup;
			children = (
				ABD4874528D6F99600FFD3A1 /* Assets.xcassets */,
			);
			path = Resources;
			sourceTree = "<group>";
		};
/* End PBXGroup section */

/* Begin PBXNativeTarget section */
		ABD4873D28D6F99500FFD3A1 /* Module-MeetUP */ = {
			isa = PBXNativeTarget;
			buildConfigurationList = ABD4874C28D6F99600FFD3A1 /* Build configuration list for PBXNativeTarget "Module-MeetUP" */;
			buildPhases = (
				ABD4873A28D6F99500FFD3A1 /* Sources */,
				ABD4873B28D6F99500FFD3A1 /* Frameworks */,
				ABD4873C28D6F99500FFD3A1 /* Resources */,
			);
			buildRules = (
			);
			dependencies = (
			);
			name = "Module-MeetUP";
			productName = "Module-MeetUP";
			productReference = ABD4873E28D6F99500FFD3A1 /* Module-MeetUP.app */;
			productType = "com.apple.product-type.application";
		};
/* End PBXNativeTarget section */

/* Begin PBXProject section */
		ABD4873628D6F99500FFD3A1 /* Project object */ = {
			isa = PBXProject;
			attributes = {
				BuildIndependentTargetsInParallel = 1;
				LastSwiftUpdateCheck = 1400;
				LastUpgradeCheck = 1400;
				TargetAttributes = {
					ABD4873D28D6F99500FFD3A1 = {
						CreatedOnToolsVersion = 14.0;
					};
				};
			};
			buildConfigurationList = ABD4873928D6F99500FFD3A1 /* Build configuration list for PBXProject "Module-MeetUP" */;
			compatibilityVersion = "Xcode 14.0";
			developmentRegion = en;
			hasScannedForEncodings = 0;
			knownRegions = (
				en,
				Base,
			);
			mainGroup = ABD4873528D6F99500FFD3A1;
			productRefGroup = ABD4873F28D6F99500FFD3A1 /* Products */;
			projectDirPath = "";
			projectRoot = "";
			targets = (
				ABD4873D28D6F99500FFD3A1 /* Module-MeetUP */,
			);
		};
/* End PBXProject section */

/* Begin PBXResourcesBuildPhase section */
		ABD4873C28D6F99500FFD3A1 /* Resources */ = {
			isa = PBXResourcesBuildPhase;
			buildActionMask = 2147483647;
			files = (
				AB009F5128D6FCE400A43D63 /* Preview Assets.xcassets in Resources */,
				ABD4874628D6F99600FFD3A1 /* Assets.xcassets in Resources */,
			);
			runOnlyForDeploymentPostprocessing = 0;
		};
/* End PBXResourcesBuildPhase section */

/* Begin PBXSourcesBuildPhase section */
		ABD4873A28D6F99500FFD3A1 /* Sources */ = {
			isa = PBXSourcesBuildPhase;
			buildActionMask = 2147483647;
			files = (
				AB009FB128D8C5E000A43D63 /* PostDetailTitleArea.swift in Sources */,
				2A49A1272927EBE200897379 /* DateExtension.swift in Sources */,
				2A71017F28F16552001049B1 /* PostsListSearchBarView.swift in Sources */,
				AB009FB728D8C64300A43D63 /* Post.swift in Sources */,
				2ABDC53C28D96D8900A3D1E6 /* SearchBackButtonView.swift in Sources */,
				AB009FA228D8C5B500A43D63 /* MeetUpNetworkService.swift in Sources */,
				2A49A129292D2AA500897379 /* MenuTimeSlotView.swift in Sources */,
				AB009F6928D7929900A43D63 /* PostCell.swift in Sources */,
				2A49A11E2927E05300897379 /* PostechMenuTitleView.swift in Sources */,
				2A49A11A2927E02000897379 /* RestaurantSegmentedPickerView.swift in Sources */,
				AB009F6A28D7929900A43D63 /* PostsListTitleView.swift in Sources */,
				ABD4874228D6F99500FFD3A1 /* Module_MeetUPApp.swift in Sources */,
				2AC77E8D28D943FF0038514F /* SearchBarView.swift in Sources */,
				2ABDC53E28D96E9400A3D1E6 /* SearchView.swift in Sources */,
				AB009FAE28D8C5E000A43D63 /* PostDetailBackButton.swift in Sources */,
				AB009FA328D8C5B500A43D63 /* MeetUpNetwork.swift in Sources */,
				AB009FAF28D8C5E000A43D63 /* PostDetailInfoArea.swift in Sources */,
				2ABA33D028D967FC00A16804 /* RecentSearchHistoryListView.swift in Sources */,
				2A71017D28F158AF001049B1 /* WriteButtonView.swift in Sources */,
				2A49A1212927E0A900897379 /* JigokMenuView.swift in Sources */,
				2A71017B28EAD8E1001049B1 /* ArrayExtension.swift in Sources */,
				AB009FB228D8C5E000A43D63 /* PostDetailView.swift in Sources */,
				2A49A11C2927E03800897379 /* MenuWeeklyCalendarView.swift in Sources */,
				AB009FA528D8C5CE00A43D63 /* MainView.swift in Sources */,
				AB009FAD28D8C5E000A43D63 /* PostDetailStateHolder.swift in Sources */,
				2A48679328D746BA0011FE44 /* ViewExtension.swift in Sources */,
				AB009FB428D8C61A00A43D63 /* DeviceInfo.swift in Sources */,
				2A49A1252927E0CB00897379 /* BluehillMenuView.swift in Sources */,
				AB009F6728D7929900A43D63 /* PostsListView.swift in Sources */,
				ABD4875B28D6FAD300FFD3A1 /* JsonDecodertemp.swift in Sources */,
				2A49A1172927DFBA00897379 /* PostechMenuView.swift in Sources */,
				2ACDB26228DA8BEB0016E117 /* SearchStateHolder.swift in Sources */,
				AB009F6B28D7929900A43D63 /* BackButtonView.swift in Sources */,
				2A49A1232927E0B300897379 /* WisdomMenuView.swift in Sources */,
				2ABDC54028D9A19F00A3D1E6 /* SearchViewTitle.swift in Sources */,
				2AC77E8628D873710038514F /* RefreshableScrollView.swift in Sources */,
				AB009FB028D8C5E000A43D63 /* PostDetailBodyArea.swift in Sources */,
			);
			runOnlyForDeploymentPostprocessing = 0;
		};
/* End PBXSourcesBuildPhase section */

/* Begin XCBuildConfiguration section */
		ABD4874A28D6F99600FFD3A1 /* Debug */ = {
			isa = XCBuildConfiguration;
			buildSettings = {
				ALWAYS_SEARCH_USER_PATHS = NO;
				CLANG_ANALYZER_NONNULL = YES;
				CLANG_ANALYZER_NUMBER_OBJECT_CONVERSION = YES_AGGRESSIVE;
				CLANG_CXX_LANGUAGE_STANDARD = "gnu++20";
				CLANG_ENABLE_MODULES = YES;
				CLANG_ENABLE_OBJC_ARC = YES;
				CLANG_ENABLE_OBJC_WEAK = YES;
				CLANG_WARN_BLOCK_CAPTURE_AUTORELEASING = YES;
				CLANG_WARN_BOOL_CONVERSION = YES;
				CLANG_WARN_COMMA = YES;
				CLANG_WARN_CONSTANT_CONVERSION = YES;
				CLANG_WARN_DEPRECATED_OBJC_IMPLEMENTATIONS = YES;
				CLANG_WARN_DIRECT_OBJC_ISA_USAGE = YES_ERROR;
				CLANG_WARN_DOCUMENTATION_COMMENTS = YES;
				CLANG_WARN_EMPTY_BODY = YES;
				CLANG_WARN_ENUM_CONVERSION = YES;
				CLANG_WARN_INFINITE_RECURSION = YES;
				CLANG_WARN_INT_CONVERSION = YES;
				CLANG_WARN_NON_LITERAL_NULL_CONVERSION = YES;
				CLANG_WARN_OBJC_IMPLICIT_RETAIN_SELF = YES;
				CLANG_WARN_OBJC_LITERAL_CONVERSION = YES;
				CLANG_WARN_OBJC_ROOT_CLASS = YES_ERROR;
				CLANG_WARN_QUOTED_INCLUDE_IN_FRAMEWORK_HEADER = YES;
				CLANG_WARN_RANGE_LOOP_ANALYSIS = YES;
				CLANG_WARN_STRICT_PROTOTYPES = YES;
				CLANG_WARN_SUSPICIOUS_MOVE = YES;
				CLANG_WARN_UNGUARDED_AVAILABILITY = YES_AGGRESSIVE;
				CLANG_WARN_UNREACHABLE_CODE = YES;
				CLANG_WARN__DUPLICATE_METHOD_MATCH = YES;
				COPY_PHASE_STRIP = NO;
				DEBUG_INFORMATION_FORMAT = dwarf;
				ENABLE_STRICT_OBJC_MSGSEND = YES;
				ENABLE_TESTABILITY = YES;
				GCC_C_LANGUAGE_STANDARD = gnu11;
				GCC_DYNAMIC_NO_PIC = NO;
				GCC_NO_COMMON_BLOCKS = YES;
				GCC_OPTIMIZATION_LEVEL = 0;
				GCC_PREPROCESSOR_DEFINITIONS = (
					"DEBUG=1",
					"$(inherited)",
				);
				GCC_WARN_64_TO_32_BIT_CONVERSION = YES;
				GCC_WARN_ABOUT_RETURN_TYPE = YES_ERROR;
				GCC_WARN_UNDECLARED_SELECTOR = YES;
				GCC_WARN_UNINITIALIZED_AUTOS = YES_AGGRESSIVE;
				GCC_WARN_UNUSED_FUNCTION = YES;
				GCC_WARN_UNUSED_VARIABLE = YES;
				IPHONEOS_DEPLOYMENT_TARGET = 15.0;
				MTL_ENABLE_DEBUG_INFO = INCLUDE_SOURCE;
				MTL_FAST_MATH = YES;
				ONLY_ACTIVE_ARCH = YES;
				SDKROOT = iphoneos;
				SWIFT_ACTIVE_COMPILATION_CONDITIONS = DEBUG;
				SWIFT_OPTIMIZATION_LEVEL = "-Onone";
			};
			name = Debug;
		};
		ABD4874B28D6F99600FFD3A1 /* Release */ = {
			isa = XCBuildConfiguration;
			buildSettings = {
				ALWAYS_SEARCH_USER_PATHS = NO;
				CLANG_ANALYZER_NONNULL = YES;
				CLANG_ANALYZER_NUMBER_OBJECT_CONVERSION = YES_AGGRESSIVE;
				CLANG_CXX_LANGUAGE_STANDARD = "gnu++20";
				CLANG_ENABLE_MODULES = YES;
				CLANG_ENABLE_OBJC_ARC = YES;
				CLANG_ENABLE_OBJC_WEAK = YES;
				CLANG_WARN_BLOCK_CAPTURE_AUTORELEASING = YES;
				CLANG_WARN_BOOL_CONVERSION = YES;
				CLANG_WARN_COMMA = YES;
				CLANG_WARN_CONSTANT_CONVERSION = YES;
				CLANG_WARN_DEPRECATED_OBJC_IMPLEMENTATIONS = YES;
				CLANG_WARN_DIRECT_OBJC_ISA_USAGE = YES_ERROR;
				CLANG_WARN_DOCUMENTATION_COMMENTS = YES;
				CLANG_WARN_EMPTY_BODY = YES;
				CLANG_WARN_ENUM_CONVERSION = YES;
				CLANG_WARN_INFINITE_RECURSION = YES;
				CLANG_WARN_INT_CONVERSION = YES;
				CLANG_WARN_NON_LITERAL_NULL_CONVERSION = YES;
				CLANG_WARN_OBJC_IMPLICIT_RETAIN_SELF = YES;
				CLANG_WARN_OBJC_LITERAL_CONVERSION = YES;
				CLANG_WARN_OBJC_ROOT_CLASS = YES_ERROR;
				CLANG_WARN_QUOTED_INCLUDE_IN_FRAMEWORK_HEADER = YES;
				CLANG_WARN_RANGE_LOOP_ANALYSIS = YES;
				CLANG_WARN_STRICT_PROTOTYPES = YES;
				CLANG_WARN_SUSPICIOUS_MOVE = YES;
				CLANG_WARN_UNGUARDED_AVAILABILITY = YES_AGGRESSIVE;
				CLANG_WARN_UNREACHABLE_CODE = YES;
				CLANG_WARN__DUPLICATE_METHOD_MATCH = YES;
				COPY_PHASE_STRIP = NO;
				DEBUG_INFORMATION_FORMAT = "dwarf-with-dsym";
				ENABLE_NS_ASSERTIONS = NO;
				ENABLE_STRICT_OBJC_MSGSEND = YES;
				GCC_C_LANGUAGE_STANDARD = gnu11;
				GCC_NO_COMMON_BLOCKS = YES;
				GCC_WARN_64_TO_32_BIT_CONVERSION = YES;
				GCC_WARN_ABOUT_RETURN_TYPE = YES_ERROR;
				GCC_WARN_UNDECLARED_SELECTOR = YES;
				GCC_WARN_UNINITIALIZED_AUTOS = YES_AGGRESSIVE;
				GCC_WARN_UNUSED_FUNCTION = YES;
				GCC_WARN_UNUSED_VARIABLE = YES;
				IPHONEOS_DEPLOYMENT_TARGET = 15.0;
				MTL_ENABLE_DEBUG_INFO = NO;
				MTL_FAST_MATH = YES;
				SDKROOT = iphoneos;
				SWIFT_COMPILATION_MODE = wholemodule;
				SWIFT_OPTIMIZATION_LEVEL = "-O";
				VALIDATE_PRODUCT = YES;
			};
			name = Release;
		};
		ABD4874D28D6F99600FFD3A1 /* Debug */ = {
			isa = XCBuildConfiguration;
			buildSettings = {
				ASSETCATALOG_COMPILER_APPICON_NAME = AppIcon;
				ASSETCATALOG_COMPILER_GLOBAL_ACCENT_COLOR_NAME = AccentColor;
				CODE_SIGN_STYLE = Automatic;
				CURRENT_PROJECT_VERSION = 1;
				DEVELOPMENT_ASSET_PATHS = "\"Module-MeetUP/Preview Content\"";
				DEVELOPMENT_TEAM = 25YUTG4RN5;
				ENABLE_PREVIEWS = YES;
				GENERATE_INFOPLIST_FILE = YES;
				INFOPLIST_KEY_UIApplicationSceneManifest_Generation = YES;
				INFOPLIST_KEY_UIApplicationSupportsIndirectInputEvents = YES;
				INFOPLIST_KEY_UILaunchScreen_Generation = YES;
				INFOPLIST_KEY_UISupportedInterfaceOrientations_iPad = "UIInterfaceOrientationPortrait UIInterfaceOrientationPortraitUpsideDown UIInterfaceOrientationLandscapeLeft UIInterfaceOrientationLandscapeRight";
				INFOPLIST_KEY_UISupportedInterfaceOrientations_iPhone = "UIInterfaceOrientationPortrait UIInterfaceOrientationLandscapeLeft UIInterfaceOrientationLandscapeRight";
				IPHONEOS_DEPLOYMENT_TARGET = 15.0;
				LD_RUNPATH_SEARCH_PATHS = (
					"$(inherited)",
					"@executable_path/Frameworks",
				);
				MARKETING_VERSION = 1.0;
				PRODUCT_BUNDLE_IDENTIFIER = "com.junhong.Module-MeetUP";
				PRODUCT_NAME = "$(TARGET_NAME)";
				SWIFT_EMIT_LOC_STRINGS = YES;
				SWIFT_VERSION = 5.0;
				TARGETED_DEVICE_FAMILY = "1,2";
			};
			name = Debug;
		};
		ABD4874E28D6F99600FFD3A1 /* Release */ = {
			isa = XCBuildConfiguration;
			buildSettings = {
				ASSETCATALOG_COMPILER_APPICON_NAME = AppIcon;
				ASSETCATALOG_COMPILER_GLOBAL_ACCENT_COLOR_NAME = AccentColor;
				CODE_SIGN_STYLE = Automatic;
				CURRENT_PROJECT_VERSION = 1;
				DEVELOPMENT_ASSET_PATHS = "\"Module-MeetUP/Preview Content\"";
				DEVELOPMENT_TEAM = 25YUTG4RN5;
				ENABLE_PREVIEWS = YES;
				GENERATE_INFOPLIST_FILE = YES;
				INFOPLIST_KEY_UIApplicationSceneManifest_Generation = YES;
				INFOPLIST_KEY_UIApplicationSupportsIndirectInputEvents = YES;
				INFOPLIST_KEY_UILaunchScreen_Generation = YES;
				INFOPLIST_KEY_UISupportedInterfaceOrientations_iPad = "UIInterfaceOrientationPortrait UIInterfaceOrientationPortraitUpsideDown UIInterfaceOrientationLandscapeLeft UIInterfaceOrientationLandscapeRight";
				INFOPLIST_KEY_UISupportedInterfaceOrientations_iPhone = "UIInterfaceOrientationPortrait UIInterfaceOrientationLandscapeLeft UIInterfaceOrientationLandscapeRight";
				IPHONEOS_DEPLOYMENT_TARGET = 15.0;
				LD_RUNPATH_SEARCH_PATHS = (
					"$(inherited)",
					"@executable_path/Frameworks",
				);
				MARKETING_VERSION = 1.0;
				PRODUCT_BUNDLE_IDENTIFIER = "com.junhong.Module-MeetUP";
				PRODUCT_NAME = "$(TARGET_NAME)";
				SWIFT_EMIT_LOC_STRINGS = YES;
				SWIFT_VERSION = 5.0;
				TARGETED_DEVICE_FAMILY = "1,2";
			};
			name = Release;
		};
/* End XCBuildConfiguration section */

/* Begin XCConfigurationList section */
		ABD4873928D6F99500FFD3A1 /* Build configuration list for PBXProject "Module-MeetUP" */ = {
			isa = XCConfigurationList;
			buildConfigurations = (
				ABD4874A28D6F99600FFD3A1 /* Debug */,
				ABD4874B28D6F99600FFD3A1 /* Release */,
			);
			defaultConfigurationIsVisible = 0;
			defaultConfigurationName = Release;
		};
		ABD4874C28D6F99600FFD3A1 /* Build configuration list for PBXNativeTarget "Module-MeetUP" */ = {
			isa = XCConfigurationList;
			buildConfigurations = (
				ABD4874D28D6F99600FFD3A1 /* Debug */,
				ABD4874E28D6F99600FFD3A1 /* Release */,
			);
			defaultConfigurationIsVisible = 0;
			defaultConfigurationName = Release;
		};
/* End XCConfigurationList section */
	};
	rootObject = ABD4873628D6F99500FFD3A1 /* Project object */;
}
